// !$*UTF8*$!
{
	archiveVersion = 1;
	classes = {
	};
	objectVersion = 48;
	objects = {

/* Begin PBXBuildFile section */
		A5FE2FFA6EC270058CDB0DCE /* Pods_CampusLifeLogBeaconScanner.framework in Frameworks */ = {isa = PBXBuildFile; fileRef = FEBA148B4912693DC6E3CF29 /* Pods_CampusLifeLogBeaconScanner.framework */; };
		A7E9DEE8A709879139429524 /* Pods_CampusLifeLogBeaconScannerTests.framework in Frameworks */ = {isa = PBXBuildFile; fileRef = 9F3CDCFE8FC99818BD818A2C /* Pods_CampusLifeLogBeaconScannerTests.framework */; };
		AEA66AECC3BF2652C1873914 /* Pods_CampusLifeLogBeaconScannerUITests.framework in Frameworks */ = {isa = PBXBuildFile; fileRef = 35CC171D7FCE566EA8B43009 /* Pods_CampusLifeLogBeaconScannerUITests.framework */; };
		BC449B3A1FE376CC0079287D /* BeaconManager.swift in Sources */ = {isa = PBXBuildFile; fileRef = BC449B391FE376CC0079287D /* BeaconManager.swift */; };
		BC449B3C1FE3B3370079287D /* NotificationName.swift in Sources */ = {isa = PBXBuildFile; fileRef = BC449B3B1FE3B3370079287D /* NotificationName.swift */; };
		BC449B3E1FE400280079287D /* Beacon.swift in Sources */ = {isa = PBXBuildFile; fileRef = BC449B3D1FE400280079287D /* Beacon.swift */; };
		BC449B401FE409680079287D /* DateExtension.swift in Sources */ = {isa = PBXBuildFile; fileRef = BC449B3F1FE409680079287D /* DateExtension.swift */; };
		BCA918411FE3699C00BAE6C1 /* AppDelegate.swift in Sources */ = {isa = PBXBuildFile; fileRef = BCA918401FE3699C00BAE6C1 /* AppDelegate.swift */; };
		BCA918431FE3699C00BAE6C1 /* ViewController.swift in Sources */ = {isa = PBXBuildFile; fileRef = BCA918421FE3699C00BAE6C1 /* ViewController.swift */; };
		BCA918461FE3699C00BAE6C1 /* Main.storyboard in Resources */ = {isa = PBXBuildFile; fileRef = BCA918441FE3699C00BAE6C1 /* Main.storyboard */; };
		BCA918481FE3699C00BAE6C1 /* Assets.xcassets in Resources */ = {isa = PBXBuildFile; fileRef = BCA918471FE3699C00BAE6C1 /* Assets.xcassets */; };
		BCA9184B1FE3699C00BAE6C1 /* LaunchScreen.storyboard in Resources */ = {isa = PBXBuildFile; fileRef = BCA918491FE3699C00BAE6C1 /* LaunchScreen.storyboard */; };
		BCA918561FE3699D00BAE6C1 /* CampusLifeLogBeaconScannerTests.swift in Sources */ = {isa = PBXBuildFile; fileRef = BCA918551FE3699D00BAE6C1 /* CampusLifeLogBeaconScannerTests.swift */; };
		BCA918611FE3699D00BAE6C1 /* CampusLifeLogBeaconScannerUITests.swift in Sources */ = {isa = PBXBuildFile; fileRef = BCA918601FE3699D00BAE6C1 /* CampusLifeLogBeaconScannerUITests.swift */; };
/* End PBXBuildFile section */

/* Begin PBXContainerItemProxy section */
		BCA918521FE3699D00BAE6C1 /* PBXContainerItemProxy */ = {
			isa = PBXContainerItemProxy;
			containerPortal = BCA918351FE3699C00BAE6C1 /* Project object */;
			proxyType = 1;
			remoteGlobalIDString = BCA9183C1FE3699C00BAE6C1;
			remoteInfo = CampusLifeLogBeaconScanner;
		};
		BCA9185D1FE3699D00BAE6C1 /* PBXContainerItemProxy */ = {
			isa = PBXContainerItemProxy;
			containerPortal = BCA918351FE3699C00BAE6C1 /* Project object */;
			proxyType = 1;
			remoteGlobalIDString = BCA9183C1FE3699C00BAE6C1;
			remoteInfo = CampusLifeLogBeaconScanner;
		};
/* End PBXContainerItemProxy section */

/* Begin PBXFileReference section */
		060E68C5523E42B6FB53DD31 /* Pods-CampusLifeLogBeaconScannerTests.debug.xcconfig */ = {isa = PBXFileReference; includeInIndex = 1; lastKnownFileType = text.xcconfig; name = "Pods-CampusLifeLogBeaconScannerTests.debug.xcconfig"; path = "Pods/Target Support Files/Pods-CampusLifeLogBeaconScannerTests/Pods-CampusLifeLogBeaconScannerTests.debug.xcconfig"; sourceTree = "<group>"; };
		2D9BDD657FBB0B7166A4A3C3 /* Pods-CampusLifeLogBeaconScanner.debug.xcconfig */ = {isa = PBXFileReference; includeInIndex = 1; lastKnownFileType = text.xcconfig; name = "Pods-CampusLifeLogBeaconScanner.debug.xcconfig"; path = "Pods/Target Support Files/Pods-CampusLifeLogBeaconScanner/Pods-CampusLifeLogBeaconScanner.debug.xcconfig"; sourceTree = "<group>"; };
		2F4D94BC6789447168CA9DF9 /* Pods-CampusLifeLogBeaconScannerUITests.release.xcconfig */ = {isa = PBXFileReference; includeInIndex = 1; lastKnownFileType = text.xcconfig; name = "Pods-CampusLifeLogBeaconScannerUITests.release.xcconfig"; path = "Pods/Target Support Files/Pods-CampusLifeLogBeaconScannerUITests/Pods-CampusLifeLogBeaconScannerUITests.release.xcconfig"; sourceTree = "<group>"; };
		35CC171D7FCE566EA8B43009 /* Pods_CampusLifeLogBeaconScannerUITests.framework */ = {isa = PBXFileReference; explicitFileType = wrapper.framework; includeInIndex = 0; path = Pods_CampusLifeLogBeaconScannerUITests.framework; sourceTree = BUILT_PRODUCTS_DIR; };
		58A708CD280155D487519210 /* Pods-CampusLifeLogBeaconScanner.release.xcconfig */ = {isa = PBXFileReference; includeInIndex = 1; lastKnownFileType = text.xcconfig; name = "Pods-CampusLifeLogBeaconScanner.release.xcconfig"; path = "Pods/Target Support Files/Pods-CampusLifeLogBeaconScanner/Pods-CampusLifeLogBeaconScanner.release.xcconfig"; sourceTree = "<group>"; };
		6F493FDC801DAB7ED09E2952 /* Pods-CampusLifeLogBeaconScannerUITests.debug.xcconfig */ = {isa = PBXFileReference; includeInIndex = 1; lastKnownFileType = text.xcconfig; name = "Pods-CampusLifeLogBeaconScannerUITests.debug.xcconfig"; path = "Pods/Target Support Files/Pods-CampusLifeLogBeaconScannerUITests/Pods-CampusLifeLogBeaconScannerUITests.debug.xcconfig"; sourceTree = "<group>"; };
		9F3CDCFE8FC99818BD818A2C /* Pods_CampusLifeLogBeaconScannerTests.framework */ = {isa = PBXFileReference; explicitFileType = wrapper.framework; includeInIndex = 0; path = Pods_CampusLifeLogBeaconScannerTests.framework; sourceTree = BUILT_PRODUCTS_DIR; };
		BC449B391FE376CC0079287D /* BeaconManager.swift */ = {isa = PBXFileReference; lastKnownFileType = sourcecode.swift; path = BeaconManager.swift; sourceTree = "<group>"; };
		BC449B3B1FE3B3370079287D /* NotificationName.swift */ = {isa = PBXFileReference; lastKnownFileType = sourcecode.swift; path = NotificationName.swift; sourceTree = "<group>"; };
		BC449B3D1FE400280079287D /* Beacon.swift */ = {isa = PBXFileReference; lastKnownFileType = sourcecode.swift; path = Beacon.swift; sourceTree = "<group>"; };
		BC449B3F1FE409680079287D /* DateExtension.swift */ = {isa = PBXFileReference; lastKnownFileType = sourcecode.swift; path = DateExtension.swift; sourceTree = "<group>"; };
		BC549F0D2016F89A00059E77 /* CampusLifeLogBeaconScanner.entitlements */ = {isa = PBXFileReference; lastKnownFileType = text.plist.entitlements; path = CampusLifeLogBeaconScanner.entitlements; sourceTree = "<group>"; };
		BCA9183D1FE3699C00BAE6C1 /* CampusLifeLogBeaconScanner.app */ = {isa = PBXFileReference; explicitFileType = wrapper.application; includeInIndex = 0; path = CampusLifeLogBeaconScanner.app; sourceTree = BUILT_PRODUCTS_DIR; };
		BCA918401FE3699C00BAE6C1 /* AppDelegate.swift */ = {isa = PBXFileReference; lastKnownFileType = sourcecode.swift; path = AppDelegate.swift; sourceTree = "<group>"; };
		BCA918421FE3699C00BAE6C1 /* ViewController.swift */ = {isa = PBXFileReference; lastKnownFileType = sourcecode.swift; path = ViewController.swift; sourceTree = "<group>"; };
		BCA918451FE3699C00BAE6C1 /* Base */ = {isa = PBXFileReference; lastKnownFileType = file.storyboard; name = Base; path = Base.lproj/Main.storyboard; sourceTree = "<group>"; };
		BCA918471FE3699C00BAE6C1 /* Assets.xcassets */ = {isa = PBXFileReference; lastKnownFileType = folder.assetcatalog; path = Assets.xcassets; sourceTree = "<group>"; };
		BCA9184A1FE3699C00BAE6C1 /* Base */ = {isa = PBXFileReference; lastKnownFileType = file.storyboard; name = Base; path = Base.lproj/LaunchScreen.storyboard; sourceTree = "<group>"; };
		BCA9184C1FE3699C00BAE6C1 /* Info.plist */ = {isa = PBXFileReference; lastKnownFileType = text.plist.xml; path = Info.plist; sourceTree = "<group>"; };
		BCA918511FE3699D00BAE6C1 /* CampusLifeLogBeaconScannerTests.xctest */ = {isa = PBXFileReference; explicitFileType = wrapper.cfbundle; includeInIndex = 0; path = CampusLifeLogBeaconScannerTests.xctest; sourceTree = BUILT_PRODUCTS_DIR; };
		BCA918551FE3699D00BAE6C1 /* CampusLifeLogBeaconScannerTests.swift */ = {isa = PBXFileReference; lastKnownFileType = sourcecode.swift; path = CampusLifeLogBeaconScannerTests.swift; sourceTree = "<group>"; };
		BCA918571FE3699D00BAE6C1 /* Info.plist */ = {isa = PBXFileReference; lastKnownFileType = text.plist.xml; path = Info.plist; sourceTree = "<group>"; };
		BCA9185C1FE3699D00BAE6C1 /* CampusLifeLogBeaconScannerUITests.xctest */ = {isa = PBXFileReference; explicitFileType = wrapper.cfbundle; includeInIndex = 0; path = CampusLifeLogBeaconScannerUITests.xctest; sourceTree = BUILT_PRODUCTS_DIR; };
		BCA918601FE3699D00BAE6C1 /* CampusLifeLogBeaconScannerUITests.swift */ = {isa = PBXFileReference; lastKnownFileType = sourcecode.swift; path = CampusLifeLogBeaconScannerUITests.swift; sourceTree = "<group>"; };
		BCA918621FE3699D00BAE6C1 /* Info.plist */ = {isa = PBXFileReference; lastKnownFileType = text.plist.xml; path = Info.plist; sourceTree = "<group>"; };
		DCF4662132805F56D0B24EC9 /* Pods-CampusLifeLogBeaconScannerTests.release.xcconfig */ = {isa = PBXFileReference; includeInIndex = 1; lastKnownFileType = text.xcconfig; name = "Pods-CampusLifeLogBeaconScannerTests.release.xcconfig"; path = "Pods/Target Support Files/Pods-CampusLifeLogBeaconScannerTests/Pods-CampusLifeLogBeaconScannerTests.release.xcconfig"; sourceTree = "<group>"; };
		FEBA148B4912693DC6E3CF29 /* Pods_CampusLifeLogBeaconScanner.framework */ = {isa = PBXFileReference; explicitFileType = wrapper.framework; includeInIndex = 0; path = Pods_CampusLifeLogBeaconScanner.framework; sourceTree = BUILT_PRODUCTS_DIR; };
/* End PBXFileReference section */

/* Begin PBXFrameworksBuildPhase section */
		BCA9183A1FE3699C00BAE6C1 /* Frameworks */ = {
			isa = PBXFrameworksBuildPhase;
			buildActionMask = 2147483647;
			files = (
				A5FE2FFA6EC270058CDB0DCE /* Pods_CampusLifeLogBeaconScanner.framework in Frameworks */,
			);
			runOnlyForDeploymentPostprocessing = 0;
		};
		BCA9184E1FE3699D00BAE6C1 /* Frameworks */ = {
			isa = PBXFrameworksBuildPhase;
			buildActionMask = 2147483647;
			files = (
				A7E9DEE8A709879139429524 /* Pods_CampusLifeLogBeaconScannerTests.framework in Frameworks */,
			);
			runOnlyForDeploymentPostprocessing = 0;
		};
		BCA918591FE3699D00BAE6C1 /* Frameworks */ = {
			isa = PBXFrameworksBuildPhase;
			buildActionMask = 2147483647;
			files = (
				AEA66AECC3BF2652C1873914 /* Pods_CampusLifeLogBeaconScannerUITests.framework in Frameworks */,
			);
			runOnlyForDeploymentPostprocessing = 0;
		};
/* End PBXFrameworksBuildPhase section */

/* Begin PBXGroup section */
		43EB94F2AFBB695470480C6C /* Frameworks */ = {
			isa = PBXGroup;
			children = (
				FEBA148B4912693DC6E3CF29 /* Pods_CampusLifeLogBeaconScanner.framework */,
				9F3CDCFE8FC99818BD818A2C /* Pods_CampusLifeLogBeaconScannerTests.framework */,
				35CC171D7FCE566EA8B43009 /* Pods_CampusLifeLogBeaconScannerUITests.framework */,
			);
			name = Frameworks;
			sourceTree = "<group>";
		};
		8E5C5A969AF653DFC233CE1B /* Pods */ = {
			isa = PBXGroup;
			children = (
				2D9BDD657FBB0B7166A4A3C3 /* Pods-CampusLifeLogBeaconScanner.debug.xcconfig */,
				58A708CD280155D487519210 /* Pods-CampusLifeLogBeaconScanner.release.xcconfig */,
				060E68C5523E42B6FB53DD31 /* Pods-CampusLifeLogBeaconScannerTests.debug.xcconfig */,
				DCF4662132805F56D0B24EC9 /* Pods-CampusLifeLogBeaconScannerTests.release.xcconfig */,
				6F493FDC801DAB7ED09E2952 /* Pods-CampusLifeLogBeaconScannerUITests.debug.xcconfig */,
				2F4D94BC6789447168CA9DF9 /* Pods-CampusLifeLogBeaconScannerUITests.release.xcconfig */,
			);
			name = Pods;
			sourceTree = "<group>";
		};
		BCA918341FE3699C00BAE6C1 = {
			isa = PBXGroup;
			children = (
				BCA9183F1FE3699C00BAE6C1 /* CampusLifeLogBeaconScanner */,
				BCA918541FE3699D00BAE6C1 /* CampusLifeLogBeaconScannerTests */,
				BCA9185F1FE3699D00BAE6C1 /* CampusLifeLogBeaconScannerUITests */,
				BCA9183E1FE3699C00BAE6C1 /* Products */,
				8E5C5A969AF653DFC233CE1B /* Pods */,
				43EB94F2AFBB695470480C6C /* Frameworks */,
			);
			sourceTree = "<group>";
		};
		BCA9183E1FE3699C00BAE6C1 /* Products */ = {
			isa = PBXGroup;
			children = (
				BCA9183D1FE3699C00BAE6C1 /* CampusLifeLogBeaconScanner.app */,
				BCA918511FE3699D00BAE6C1 /* CampusLifeLogBeaconScannerTests.xctest */,
				BCA9185C1FE3699D00BAE6C1 /* CampusLifeLogBeaconScannerUITests.xctest */,
			);
			name = Products;
			sourceTree = "<group>";
		};
		BCA9183F1FE3699C00BAE6C1 /* CampusLifeLogBeaconScanner */ = {
			isa = PBXGroup;
			children = (
				BC549F0D2016F89A00059E77 /* CampusLifeLogBeaconScanner.entitlements */,
				BCA918401FE3699C00BAE6C1 /* AppDelegate.swift */,
				BCA918421FE3699C00BAE6C1 /* ViewController.swift */,
				BC449B3F1FE409680079287D /* DateExtension.swift */,
				BC449B391FE376CC0079287D /* BeaconManager.swift */,
				BC449B3B1FE3B3370079287D /* NotificationName.swift */,
				BC449B3D1FE400280079287D /* Beacon.swift */,
				BCA918441FE3699C00BAE6C1 /* Main.storyboard */,
				BCA918471FE3699C00BAE6C1 /* Assets.xcassets */,
				BCA918491FE3699C00BAE6C1 /* LaunchScreen.storyboard */,
				BCA9184C1FE3699C00BAE6C1 /* Info.plist */,
			);
			path = CampusLifeLogBeaconScanner;
			sourceTree = "<group>";
		};
		BCA918541FE3699D00BAE6C1 /* CampusLifeLogBeaconScannerTests */ = {
			isa = PBXGroup;
			children = (
				BCA918551FE3699D00BAE6C1 /* CampusLifeLogBeaconScannerTests.swift */,
				BCA918571FE3699D00BAE6C1 /* Info.plist */,
			);
			path = CampusLifeLogBeaconScannerTests;
			sourceTree = "<group>";
		};
		BCA9185F1FE3699D00BAE6C1 /* CampusLifeLogBeaconScannerUITests */ = {
			isa = PBXGroup;
			children = (
				BCA918601FE3699D00BAE6C1 /* CampusLifeLogBeaconScannerUITests.swift */,
				BCA918621FE3699D00BAE6C1 /* Info.plist */,
			);
			path = CampusLifeLogBeaconScannerUITests;
			sourceTree = "<group>";
		};
/* End PBXGroup section */

/* Begin PBXNativeTarget section */
		BCA9183C1FE3699C00BAE6C1 /* CampusLifeLogBeaconScanner */ = {
			isa = PBXNativeTarget;
			buildConfigurationList = BCA918651FE3699D00BAE6C1 /* Build configuration list for PBXNativeTarget "CampusLifeLogBeaconScanner" */;
			buildPhases = (
				F6AAFF1A1839B5AB06A2FBC2 /* [CP] Check Pods Manifest.lock */,
				BCA918391FE3699C00BAE6C1 /* Sources */,
				BCA9183A1FE3699C00BAE6C1 /* Frameworks */,
				BCA9183B1FE3699C00BAE6C1 /* Resources */,
				84C7ED4283E7A5F19C552ADC /* [CP] Embed Pods Frameworks */,
				B0C1A5813EF5E28E83E66D1C /* [CP] Copy Pods Resources */,
			);
			buildRules = (
			);
			dependencies = (
			);
			name = CampusLifeLogBeaconScanner;
			productName = CampusLifeLogBeaconScanner;
			productReference = BCA9183D1FE3699C00BAE6C1 /* CampusLifeLogBeaconScanner.app */;
			productType = "com.apple.product-type.application";
		};
		BCA918501FE3699D00BAE6C1 /* CampusLifeLogBeaconScannerTests */ = {
			isa = PBXNativeTarget;
			buildConfigurationList = BCA918681FE3699D00BAE6C1 /* Build configuration list for PBXNativeTarget "CampusLifeLogBeaconScannerTests" */;
			buildPhases = (
				FCF99167A529619F890E3C42 /* [CP] Check Pods Manifest.lock */,
				BCA9184D1FE3699D00BAE6C1 /* Sources */,
				BCA9184E1FE3699D00BAE6C1 /* Frameworks */,
				BCA9184F1FE3699D00BAE6C1 /* Resources */,
				2990AEC71A9CCFBD9B06588F /* [CP] Embed Pods Frameworks */,
				C9D3C7AC0407F3FEA68578A5 /* [CP] Copy Pods Resources */,
			);
			buildRules = (
			);
			dependencies = (
				BCA918531FE3699D00BAE6C1 /* PBXTargetDependency */,
			);
			name = CampusLifeLogBeaconScannerTests;
			productName = CampusLifeLogBeaconScannerTests;
			productReference = BCA918511FE3699D00BAE6C1 /* CampusLifeLogBeaconScannerTests.xctest */;
			productType = "com.apple.product-type.bundle.unit-test";
		};
		BCA9185B1FE3699D00BAE6C1 /* CampusLifeLogBeaconScannerUITests */ = {
			isa = PBXNativeTarget;
			buildConfigurationList = BCA9186B1FE3699D00BAE6C1 /* Build configuration list for PBXNativeTarget "CampusLifeLogBeaconScannerUITests" */;
			buildPhases = (
				01EF7A285313C3738E186BD9 /* [CP] Check Pods Manifest.lock */,
				BCA918581FE3699D00BAE6C1 /* Sources */,
				BCA918591FE3699D00BAE6C1 /* Frameworks */,
				BCA9185A1FE3699D00BAE6C1 /* Resources */,
				2D511CE4AF6FA2F92B185DD2 /* [CP] Embed Pods Frameworks */,
				A52B75510AC396F422F8A880 /* [CP] Copy Pods Resources */,
			);
			buildRules = (
			);
			dependencies = (
				BCA9185E1FE3699D00BAE6C1 /* PBXTargetDependency */,
			);
			name = CampusLifeLogBeaconScannerUITests;
			productName = CampusLifeLogBeaconScannerUITests;
			productReference = BCA9185C1FE3699D00BAE6C1 /* CampusLifeLogBeaconScannerUITests.xctest */;
			productType = "com.apple.product-type.bundle.ui-testing";
		};
/* End PBXNativeTarget section */

/* Begin PBXProject section */
		BCA918351FE3699C00BAE6C1 /* Project object */ = {
			isa = PBXProject;
			attributes = {
				LastSwiftUpdateCheck = 0920;
				LastUpgradeCheck = 0920;
				ORGANIZATIONNAME = "Ko Watanabe";
				TargetAttributes = {
					BCA9183C1FE3699C00BAE6C1 = {
						CreatedOnToolsVersion = 9.2;
						ProvisioningStyle = Automatic;
						SystemCapabilities = {
							com.apple.BackgroundModes = {
								enabled = 1;
							};
							com.apple.HealthKit = {
								enabled = 0;
							};
						};
					};
					BCA918501FE3699D00BAE6C1 = {
						CreatedOnToolsVersion = 9.2;
						ProvisioningStyle = Automatic;
						TestTargetID = BCA9183C1FE3699C00BAE6C1;
					};
					BCA9185B1FE3699D00BAE6C1 = {
						CreatedOnToolsVersion = 9.2;
						ProvisioningStyle = Automatic;
						TestTargetID = BCA9183C1FE3699C00BAE6C1;
					};
				};
			};
			buildConfigurationList = BCA918381FE3699C00BAE6C1 /* Build configuration list for PBXProject "CampusLifeLogBeaconScanner" */;
			compatibilityVersion = "Xcode 8.0";
			developmentRegion = en;
			hasScannedForEncodings = 0;
			knownRegions = (
				en,
				Base,
			);
			mainGroup = BCA918341FE3699C00BAE6C1;
			productRefGroup = BCA9183E1FE3699C00BAE6C1 /* Products */;
			projectDirPath = "";
			projectRoot = "";
			targets = (
				BCA9183C1FE3699C00BAE6C1 /* CampusLifeLogBeaconScanner */,
				BCA918501FE3699D00BAE6C1 /* CampusLifeLogBeaconScannerTests */,
				BCA9185B1FE3699D00BAE6C1 /* CampusLifeLogBeaconScannerUITests */,
			);
		};
/* End PBXProject section */

/* Begin PBXResourcesBuildPhase section */
		BCA9183B1FE3699C00BAE6C1 /* Resources */ = {
			isa = PBXResourcesBuildPhase;
			buildActionMask = 2147483647;
			files = (
				BCA9184B1FE3699C00BAE6C1 /* LaunchScreen.storyboard in Resources */,
				BCA918481FE3699C00BAE6C1 /* Assets.xcassets in Resources */,
				BCA918461FE3699C00BAE6C1 /* Main.storyboard in Resources */,
			);
			runOnlyForDeploymentPostprocessing = 0;
		};
		BCA9184F1FE3699D00BAE6C1 /* Resources */ = {
			isa = PBXResourcesBuildPhase;
			buildActionMask = 2147483647;
			files = (
			);
			runOnlyForDeploymentPostprocessing = 0;
		};
		BCA9185A1FE3699D00BAE6C1 /* Resources */ = {
			isa = PBXResourcesBuildPhase;
			buildActionMask = 2147483647;
			files = (
			);
			runOnlyForDeploymentPostprocessing = 0;
		};
/* End PBXResourcesBuildPhase section */

/* Begin PBXShellScriptBuildPhase section */
		01EF7A285313C3738E186BD9 /* [CP] Check Pods Manifest.lock */ = {
			isa = PBXShellScriptBuildPhase;
			buildActionMask = 2147483647;
			files = (
			);
			inputPaths = (
				"${PODS_PODFILE_DIR_PATH}/Podfile.lock",
				"${PODS_ROOT}/Manifest.lock",
			);
			name = "[CP] Check Pods Manifest.lock";
			outputPaths = (
				"$(DERIVED_FILE_DIR)/Pods-CampusLifeLogBeaconScannerUITests-checkManifestLockResult.txt",
			);
			runOnlyForDeploymentPostprocessing = 0;
			shellPath = /bin/sh;
			shellScript = "diff \"${PODS_PODFILE_DIR_PATH}/Podfile.lock\" \"${PODS_ROOT}/Manifest.lock\" > /dev/null\nif [ $? != 0 ] ; then\n    # print error to STDERR\n    echo \"error: The sandbox is not in sync with the Podfile.lock. Run 'pod install' or update your CocoaPods installation.\" >&2\n    exit 1\nfi\n# This output is used by Xcode 'outputs' to avoid re-running this script phase.\necho \"SUCCESS\" > \"${SCRIPT_OUTPUT_FILE_0}\"\n";
			showEnvVarsInLog = 0;
		};
		2990AEC71A9CCFBD9B06588F /* [CP] Embed Pods Frameworks */ = {
			isa = PBXShellScriptBuildPhase;
			buildActionMask = 2147483647;
			files = (
			);
			inputPaths = (
			);
			name = "[CP] Embed Pods Frameworks";
			outputPaths = (
			);
			runOnlyForDeploymentPostprocessing = 0;
			shellPath = /bin/sh;
			shellScript = "\"${SRCROOT}/Pods/Target Support Files/Pods-CampusLifeLogBeaconScannerTests/Pods-CampusLifeLogBeaconScannerTests-frameworks.sh\"\n";
			showEnvVarsInLog = 0;
		};
		2D511CE4AF6FA2F92B185DD2 /* [CP] Embed Pods Frameworks */ = {
			isa = PBXShellScriptBuildPhase;
			buildActionMask = 2147483647;
			files = (
			);
			inputPaths = (
			);
			name = "[CP] Embed Pods Frameworks";
			outputPaths = (
			);
			runOnlyForDeploymentPostprocessing = 0;
			shellPath = /bin/sh;
			shellScript = "\"${SRCROOT}/Pods/Target Support Files/Pods-CampusLifeLogBeaconScannerUITests/Pods-CampusLifeLogBeaconScannerUITests-frameworks.sh\"\n";
			showEnvVarsInLog = 0;
		};
		84C7ED4283E7A5F19C552ADC /* [CP] Embed Pods Frameworks */ = {
			isa = PBXShellScriptBuildPhase;
			buildActionMask = 2147483647;
			files = (
			);
			inputPaths = (
				"${SRCROOT}/Pods/Target Support Files/Pods-CampusLifeLogBeaconScanner/Pods-CampusLifeLogBeaconScanner-frameworks.sh",
				"${BUILT_PRODUCTS_DIR}/Realm/Realm.framework",
				"${BUILT_PRODUCTS_DIR}/RealmSwift/RealmSwift.framework",
			);
			name = "[CP] Embed Pods Frameworks";
			outputPaths = (
				"${TARGET_BUILD_DIR}/${FRAMEWORKS_FOLDER_PATH}/Realm.framework",
				"${TARGET_BUILD_DIR}/${FRAMEWORKS_FOLDER_PATH}/RealmSwift.framework",
			);
			runOnlyForDeploymentPostprocessing = 0;
			shellPath = /bin/sh;
			shellScript = "\"${SRCROOT}/Pods/Target Support Files/Pods-CampusLifeLogBeaconScanner/Pods-CampusLifeLogBeaconScanner-frameworks.sh\"\n";
			showEnvVarsInLog = 0;
		};
		A52B75510AC396F422F8A880 /* [CP] Copy Pods Resources */ = {
			isa = PBXShellScriptBuildPhase;
			buildActionMask = 2147483647;
			files = (
			);
			inputPaths = (
			);
			name = "[CP] Copy Pods Resources";
			outputPaths = (
			);
			runOnlyForDeploymentPostprocessing = 0;
			shellPath = /bin/sh;
			shellScript = "\"${SRCROOT}/Pods/Target Support Files/Pods-CampusLifeLogBeaconScannerUITests/Pods-CampusLifeLogBeaconScannerUITests-resources.sh\"\n";
			showEnvVarsInLog = 0;
		};
		B0C1A5813EF5E28E83E66D1C /* [CP] Copy Pods Resources */ = {
			isa = PBXShellScriptBuildPhase;
			buildActionMask = 2147483647;
			files = (
			);
			inputPaths = (
			);
			name = "[CP] Copy Pods Resources";
			outputPaths = (
			);
			runOnlyForDeploymentPostprocessing = 0;
			shellPath = /bin/sh;
			shellScript = "\"${SRCROOT}/Pods/Target Support Files/Pods-CampusLifeLogBeaconScanner/Pods-CampusLifeLogBeaconScanner-resources.sh\"\n";
			showEnvVarsInLog = 0;
		};
		C9D3C7AC0407F3FEA68578A5 /* [CP] Copy Pods Resources */ = {
			isa = PBXShellScriptBuildPhase;
			buildActionMask = 2147483647;
			files = (
			);
			inputPaths = (
			);
			name = "[CP] Copy Pods Resources";
			outputPaths = (
			);
			runOnlyForDeploymentPostprocessing = 0;
			shellPath = /bin/sh;
			shellScript = "\"${SRCROOT}/Pods/Target Support Files/Pods-CampusLifeLogBeaconScannerTests/Pods-CampusLifeLogBeaconScannerTests-resources.sh\"\n";
			showEnvVarsInLog = 0;
		};
		F6AAFF1A1839B5AB06A2FBC2 /* [CP] Check Pods Manifest.lock */ = {
			isa = PBXShellScriptBuildPhase;
			buildActionMask = 2147483647;
			files = (
			);
			inputPaths = (
				"${PODS_PODFILE_DIR_PATH}/Podfile.lock",
				"${PODS_ROOT}/Manifest.lock",
			);
			name = "[CP] Check Pods Manifest.lock";
			outputPaths = (
				"$(DERIVED_FILE_DIR)/Pods-CampusLifeLogBeaconScanner-checkManifestLockResult.txt",
			);
			runOnlyForDeploymentPostprocessing = 0;
			shellPath = /bin/sh;
			shellScript = "diff \"${PODS_PODFILE_DIR_PATH}/Podfile.lock\" \"${PODS_ROOT}/Manifest.lock\" > /dev/null\nif [ $? != 0 ] ; then\n    # print error to STDERR\n    echo \"error: The sandbox is not in sync with the Podfile.lock. Run 'pod install' or update your CocoaPods installation.\" >&2\n    exit 1\nfi\n# This output is used by Xcode 'outputs' to avoid re-running this script phase.\necho \"SUCCESS\" > \"${SCRIPT_OUTPUT_FILE_0}\"\n";
			showEnvVarsInLog = 0;
		};
		FCF99167A529619F890E3C42 /* [CP] Check Pods Manifest.lock */ = {
			isa = PBXShellScriptBuildPhase;
			buildActionMask = 2147483647;
			files = (
			);
			inputPaths = (
				"${PODS_PODFILE_DIR_PATH}/Podfile.lock",
				"${PODS_ROOT}/Manifest.lock",
			);
			name = "[CP] Check Pods Manifest.lock";
			outputPaths = (
				"$(DERIVED_FILE_DIR)/Pods-CampusLifeLogBeaconScannerTests-checkManifestLockResult.txt",
			);
			runOnlyForDeploymentPostprocessing = 0;
			shellPath = /bin/sh;
			shellScript = "diff \"${PODS_PODFILE_DIR_PATH}/Podfile.lock\" \"${PODS_ROOT}/Manifest.lock\" > /dev/null\nif [ $? != 0 ] ; then\n    # print error to STDERR\n    echo \"error: The sandbox is not in sync with the Podfile.lock. Run 'pod install' or update your CocoaPods installation.\" >&2\n    exit 1\nfi\n# This output is used by Xcode 'outputs' to avoid re-running this script phase.\necho \"SUCCESS\" > \"${SCRIPT_OUTPUT_FILE_0}\"\n";
			showEnvVarsInLog = 0;
		};
/* End PBXShellScriptBuildPhase section */

/* Begin PBXSourcesBuildPhase section */
		BCA918391FE3699C00BAE6C1 /* Sources */ = {
			isa = PBXSourcesBuildPhase;
			buildActionMask = 2147483647;
			files = (
				BC449B3A1FE376CC0079287D /* BeaconManager.swift in Sources */,
				BC449B401FE409680079287D /* DateExtension.swift in Sources */,
				BC449B3C1FE3B3370079287D /* NotificationName.swift in Sources */,
				BC449B3E1FE400280079287D /* Beacon.swift in Sources */,
				BCA918431FE3699C00BAE6C1 /* ViewController.swift in Sources */,
				BCA918411FE3699C00BAE6C1 /* AppDelegate.swift in Sources */,
			);
			runOnlyForDeploymentPostprocessing = 0;
		};
		BCA9184D1FE3699D00BAE6C1 /* Sources */ = {
			isa = PBXSourcesBuildPhase;
			buildActionMask = 2147483647;
			files = (
				BCA918561FE3699D00BAE6C1 /* CampusLifeLogBeaconScannerTests.swift in Sources */,
			);
			runOnlyForDeploymentPostprocessing = 0;
		};
		BCA918581FE3699D00BAE6C1 /* Sources */ = {
			isa = PBXSourcesBuildPhase;
			buildActionMask = 2147483647;
			files = (
				BCA918611FE3699D00BAE6C1 /* CampusLifeLogBeaconScannerUITests.swift in Sources */,
			);
			runOnlyForDeploymentPostprocessing = 0;
		};
/* End PBXSourcesBuildPhase section */

/* Begin PBXTargetDependency section */
		BCA918531FE3699D00BAE6C1 /* PBXTargetDependency */ = {
			isa = PBXTargetDependency;
			target = BCA9183C1FE3699C00BAE6C1 /* CampusLifeLogBeaconScanner */;
			targetProxy = BCA918521FE3699D00BAE6C1 /* PBXContainerItemProxy */;
		};
		BCA9185E1FE3699D00BAE6C1 /* PBXTargetDependency */ = {
			isa = PBXTargetDependency;
			target = BCA9183C1FE3699C00BAE6C1 /* CampusLifeLogBeaconScanner */;
			targetProxy = BCA9185D1FE3699D00BAE6C1 /* PBXContainerItemProxy */;
		};
/* End PBXTargetDependency section */

/* Begin PBXVariantGroup section */
		BCA918441FE3699C00BAE6C1 /* Main.storyboard */ = {
			isa = PBXVariantGroup;
			children = (
				BCA918451FE3699C00BAE6C1 /* Base */,
			);
			name = Main.storyboard;
			sourceTree = "<group>";
		};
		BCA918491FE3699C00BAE6C1 /* LaunchScreen.storyboard */ = {
			isa = PBXVariantGroup;
			children = (
				BCA9184A1FE3699C00BAE6C1 /* Base */,
			);
			name = LaunchScreen.storyboard;
			sourceTree = "<group>";
		};
/* End PBXVariantGroup section */

/* Begin XCBuildConfiguration section */
		BCA918631FE3699D00BAE6C1 /* Debug */ = {
			isa = XCBuildConfiguration;
			buildSettings = {
				ALWAYS_SEARCH_USER_PATHS = NO;
				CLANG_ANALYZER_NONNULL = YES;
				CLANG_ANALYZER_NUMBER_OBJECT_CONVERSION = YES_AGGRESSIVE;
				CLANG_CXX_LANGUAGE_STANDARD = "gnu++14";
				CLANG_CXX_LIBRARY = "libc++";
				CLANG_ENABLE_MODULES = YES;
				CLANG_ENABLE_OBJC_ARC = YES;
				CLANG_WARN_BLOCK_CAPTURE_AUTORELEASING = YES;
				CLANG_WARN_BOOL_CONVERSION = YES;
				CLANG_WARN_COMMA = YES;
				CLANG_WARN_CONSTANT_CONVERSION = YES;
				CLANG_WARN_DIRECT_OBJC_ISA_USAGE = YES_ERROR;
				CLANG_WARN_DOCUMENTATION_COMMENTS = YES;
				CLANG_WARN_EMPTY_BODY = YES;
				CLANG_WARN_ENUM_CONVERSION = YES;
				CLANG_WARN_INFINITE_RECURSION = YES;
				CLANG_WARN_INT_CONVERSION = YES;
				CLANG_WARN_NON_LITERAL_NULL_CONVERSION = YES;
				CLANG_WARN_OBJC_LITERAL_CONVERSION = YES;
				CLANG_WARN_OBJC_ROOT_CLASS = YES_ERROR;
				CLANG_WARN_RANGE_LOOP_ANALYSIS = YES;
				CLANG_WARN_STRICT_PROTOTYPES = YES;
				CLANG_WARN_SUSPICIOUS_MOVE = YES;
				CLANG_WARN_UNGUARDED_AVAILABILITY = YES_AGGRESSIVE;
				CLANG_WARN_UNREACHABLE_CODE = YES;
				CLANG_WARN__DUPLICATE_METHOD_MATCH = YES;
				CODE_SIGN_IDENTITY = "iPhone Developer";
				COPY_PHASE_STRIP = NO;
				DEBUG_INFORMATION_FORMAT = dwarf;
				ENABLE_STRICT_OBJC_MSGSEND = YES;
				ENABLE_TESTABILITY = YES;
				GCC_C_LANGUAGE_STANDARD = gnu11;
				GCC_DYNAMIC_NO_PIC = NO;
				GCC_NO_COMMON_BLOCKS = YES;
				GCC_OPTIMIZATION_LEVEL = 0;
				GCC_PREPROCESSOR_DEFINITIONS = (
					"DEBUG=1",
					"$(inherited)",
				);
				GCC_WARN_64_TO_32_BIT_CONVERSION = YES;
				GCC_WARN_ABOUT_RETURN_TYPE = YES_ERROR;
				GCC_WARN_UNDECLARED_SELECTOR = YES;
				GCC_WARN_UNINITIALIZED_AUTOS = YES_AGGRESSIVE;
				GCC_WARN_UNUSED_FUNCTION = YES;
				GCC_WARN_UNUSED_VARIABLE = YES;
				IPHONEOS_DEPLOYMENT_TARGET = 11.2;
				MTL_ENABLE_DEBUG_INFO = YES;
				ONLY_ACTIVE_ARCH = YES;
				SDKROOT = iphoneos;
				SWIFT_ACTIVE_COMPILATION_CONDITIONS = DEBUG;
				SWIFT_OPTIMIZATION_LEVEL = "-Onone";
			};
			name = Debug;
		};
		BCA918641FE3699D00BAE6C1 /* Release */ = {
			isa = XCBuildConfiguration;
			buildSettings = {
				ALWAYS_SEARCH_USER_PATHS = NO;
				CLANG_ANALYZER_NONNULL = YES;
				CLANG_ANALYZER_NUMBER_OBJECT_CONVERSION = YES_AGGRESSIVE;
				CLANG_CXX_LANGUAGE_STANDARD = "gnu++14";
				CLANG_CXX_LIBRARY = "libc++";
				CLANG_ENABLE_MODULES = YES;
				CLANG_ENABLE_OBJC_ARC = YES;
				CLANG_WARN_BLOCK_CAPTURE_AUTORELEASING = YES;
				CLANG_WARN_BOOL_CONVERSION = YES;
				CLANG_WARN_COMMA = YES;
				CLANG_WARN_CONSTANT_CONVERSION = YES;
				CLANG_WARN_DIRECT_OBJC_ISA_USAGE = YES_ERROR;
				CLANG_WARN_DOCUMENTATION_COMMENTS = YES;
				CLANG_WARN_EMPTY_BODY = YES;
				CLANG_WARN_ENUM_CONVERSION = YES;
				CLANG_WARN_INFINITE_RECURSION = YES;
				CLANG_WARN_INT_CONVERSION = YES;
				CLANG_WARN_NON_LITERAL_NULL_CONVERSION = YES;
				CLANG_WARN_OBJC_LITERAL_CONVERSION = YES;
				CLANG_WARN_OBJC_ROOT_CLASS = YES_ERROR;
				CLANG_WARN_RANGE_LOOP_ANALYSIS = YES;
				CLANG_WARN_STRICT_PROTOTYPES = YES;
				CLANG_WARN_SUSPICIOUS_MOVE = YES;
				CLANG_WARN_UNGUARDED_AVAILABILITY = YES_AGGRESSIVE;
				CLANG_WARN_UNREACHABLE_CODE = YES;
				CLANG_WARN__DUPLICATE_METHOD_MATCH = YES;
				CODE_SIGN_IDENTITY = "iPhone Developer";
				COPY_PHASE_STRIP = NO;
				DEBUG_INFORMATION_FORMAT = "dwarf-with-dsym";
				ENABLE_NS_ASSERTIONS = NO;
				ENABLE_STRICT_OBJC_MSGSEND = YES;
				GCC_C_LANGUAGE_STANDARD = gnu11;
				GCC_NO_COMMON_BLOCKS = YES;
				GCC_WARN_64_TO_32_BIT_CONVERSION = YES;
				GCC_WARN_ABOUT_RETURN_TYPE = YES_ERROR;
				GCC_WARN_UNDECLARED_SELECTOR = YES;
				GCC_WARN_UNINITIALIZED_AUTOS = YES_AGGRESSIVE;
				GCC_WARN_UNUSED_FUNCTION = YES;
				GCC_WARN_UNUSED_VARIABLE = YES;
				IPHONEOS_DEPLOYMENT_TARGET = 11.2;
				MTL_ENABLE_DEBUG_INFO = NO;
				SDKROOT = iphoneos;
				SWIFT_OPTIMIZATION_LEVEL = "-Owholemodule";
				VALIDATE_PRODUCT = YES;
			};
			name = Release;
		};
		BCA918661FE3699D00BAE6C1 /* Debug */ = {
			isa = XCBuildConfiguration;
			baseConfigurationReference = 2D9BDD657FBB0B7166A4A3C3 /* Pods-CampusLifeLogBeaconScanner.debug.xcconfig */;
			buildSettings = {
				ASSETCATALOG_COMPILER_APPICON_NAME = AppIcon;
				CODE_SIGN_STYLE = Automatic;
				DEVELOPMENT_TEAM = MLDT8236B4;
				INFOPLIST_FILE = CampusLifeLogBeaconScanner/Info.plist;
				LD_RUNPATH_SEARCH_PATHS = "$(inherited) @executable_path/Frameworks";
				PRODUCT_BUNDLE_IDENTIFIER = com.kw.CampusLifeLogBeaconScanner;
				PRODUCT_NAME = "$(TARGET_NAME)";
				SWIFT_VERSION = 4.0;
				TARGETED_DEVICE_FAMILY = "1,2";
			};
			name = Debug;
		};
		BCA918671FE3699D00BAE6C1 /* Release */ = {
			isa = XCBuildConfiguration;
			baseConfigurationReference = 58A708CD280155D487519210 /* Pods-CampusLifeLogBeaconScanner.release.xcconfig */;
			buildSettings = {
				ASSETCATALOG_COMPILER_APPICON_NAME = AppIcon;
				CODE_SIGN_STYLE = Automatic;
				DEVELOPMENT_TEAM = MLDT8236B4;
				INFOPLIST_FILE = CampusLifeLogBeaconScanner/Info.plist;
				LD_RUNPATH_SEARCH_PATHS = "$(inherited) @executable_path/Frameworks";
				PRODUCT_BUNDLE_IDENTIFIER = com.kw.CampusLifeLogBeaconScanner;
				PRODUCT_NAME = "$(TARGET_NAME)";
				SWIFT_VERSION = 4.0;
				TARGETED_DEVICE_FAMILY = "1,2";
			};
			name = Release;
		};
		BCA918691FE3699D00BAE6C1 /* Debug */ = {
			isa = XCBuildConfiguration;
			baseConfigurationReference = 060E68C5523E42B6FB53DD31 /* Pods-CampusLifeLogBeaconScannerTests.debug.xcconfig */;
			buildSettings = {
				ALWAYS_EMBED_SWIFT_STANDARD_LIBRARIES = YES;
				BUNDLE_LOADER = "$(TEST_HOST)";
				CODE_SIGN_STYLE = Automatic;
				DEVELOPMENT_TEAM = MLDT8236B4;
				INFOPLIST_FILE = CampusLifeLogBeaconScannerTests/Info.plist;
				LD_RUNPATH_SEARCH_PATHS = "$(inherited) @executable_path/Frameworks @loader_path/Frameworks";
				PRODUCT_BUNDLE_IDENTIFIER = com.kw.CampusLifeLogBeaconScannerTests;
				PRODUCT_NAME = "$(TARGET_NAME)";
				SWIFT_VERSION = 4.0;
				TARGETED_DEVICE_FAMILY = "1,2";
				TEST_HOST = "$(BUILT_PRODUCTS_DIR)/CampusLifeLogBeaconScanner.app/CampusLifeLogBeaconScanner";
			};
			name = Debug;
		};
		BCA9186A1FE3699D00BAE6C1 /* Release */ = {
			isa = XCBuildConfiguration;
			baseConfigurationReference = DCF4662132805F56D0B24EC9 /* Pods-CampusLifeLogBeaconScannerTests.release.xcconfig */;
			buildSettings = {
				ALWAYS_EMBED_SWIFT_STANDARD_LIBRARIES = YES;
				BUNDLE_LOADER = "$(TEST_HOST)";
				CODE_SIGN_STYLE = Automatic;
				DEVELOPMENT_TEAM = MLDT8236B4;
				INFOPLIST_FILE = CampusLifeLogBeaconScannerTests/Info.plist;
				LD_RUNPATH_SEARCH_PATHS = "$(inherited) @executable_path/Frameworks @loader_path/Frameworks";
				PRODUCT_BUNDLE_IDENTIFIER = com.kw.CampusLifeLogBeaconScannerTests;
				PRODUCT_NAME = "$(TARGET_NAME)";
				SWIFT_VERSION = 4.0;
				TARGETED_DEVICE_FAMILY = "1,2";
				TEST_HOST = "$(BUILT_PRODUCTS_DIR)/CampusLifeLogBeaconScanner.app/CampusLifeLogBeaconScanner";
			};
			name = Release;
		};
		BCA9186C1FE3699D00BAE6C1 /* Debug */ = {
			isa = XCBuildConfiguration;
			baseConfigurationReference = 6F493FDC801DAB7ED09E2952 /* Pods-CampusLifeLogBeaconScannerUITests.debug.xcconfig */;
			buildSettings = {
				ALWAYS_EMBED_SWIFT_STANDARD_LIBRARIES = YES;
				CODE_SIGN_STYLE = Automatic;
				DEVELOPMENT_TEAM = MLDT8236B4;
				INFOPLIST_FILE = CampusLifeLogBeaconScannerUITests/Info.plist;
				LD_RUNPATH_SEARCH_PATHS = "$(inherited) @executable_path/Frameworks @loader_path/Frameworks";
				PRODUCT_BUNDLE_IDENTIFIER = com.kw.CampusLifeLogBeaconScannerUITests;
				PRODUCT_NAME = "$(TARGET_NAME)";
				SWIFT_VERSION = 4.0;
				TARGETED_DEVICE_FAMILY = "1,2";
				TEST_TARGET_NAME = CampusLifeLogBeaconScanner;
			};
			name = Debug;
		};
		BCA9186D1FE3699D00BAE6C1 /* Release */ = {
			isa = XCBuildConfiguration;
			baseConfigurationReference = 2F4D94BC6789447168CA9DF9 /* Pods-CampusLifeLogBeaconScannerUITests.release.xcconfig */;
			buildSettings = {
				ALWAYS_EMBED_SWIFT_STANDARD_LIBRARIES = YES;
				CODE_SIGN_STYLE = Automatic;
				DEVELOPMENT_TEAM = MLDT8236B4;
				INFOPLIST_FILE = CampusLifeLogBeaconScannerUITests/Info.plist;
				LD_RUNPATH_SEARCH_PATHS = "$(inherited) @executable_path/Frameworks @loader_path/Frameworks";
				PRODUCT_BUNDLE_IDENTIFIER = com.kw.CampusLifeLogBeaconScannerUITests;
				PRODUCT_NAME = "$(TARGET_NAME)";
				SWIFT_VERSION = 4.0;
				TARGETED_DEVICE_FAMILY = "1,2";
				TEST_TARGET_NAME = CampusLifeLogBeaconScanner;
			};
			name = Release;
		};
/* End XCBuildConfiguration section */

/* Begin XCConfigurationList section */
		BCA918381FE3699C00BAE6C1 /* Build configuration list for PBXProject "CampusLifeLogBeaconScanner" */ = {
			isa = XCConfigurationList;
			buildConfigurations = (
				BCA918631FE3699D00BAE6C1 /* Debug */,
				BCA918641FE3699D00BAE6C1 /* Release */,
			);
			defaultConfigurationIsVisible = 0;
			defaultConfigurationName = Release;
		};
		BCA918651FE3699D00BAE6C1 /* Build configuration list for PBXNativeTarget "CampusLifeLogBeaconScanner" */ = {
			isa = XCConfigurationList;
			buildConfigurations = (
				BCA918661FE3699D00BAE6C1 /* Debug */,
				BCA918671FE3699D00BAE6C1 /* Release */,
			);
			defaultConfigurationIsVisible = 0;
			defaultConfigurationName = Release;
		};
		BCA918681FE3699D00BAE6C1 /* Build configuration list for PBXNativeTarget "CampusLifeLogBeaconScannerTests" */ = {
			isa = XCConfigurationList;
			buildConfigurations = (
				BCA918691FE3699D00BAE6C1 /* Debug */,
				BCA9186A1FE3699D00BAE6C1 /* Release */,
			);
			defaultConfigurationIsVisible = 0;
			defaultConfigurationName = Release;
		};
		BCA9186B1FE3699D00BAE6C1 /* Build configuration list for PBXNativeTarget "CampusLifeLogBeaconScannerUITests" */ = {
			isa = XCConfigurationList;
			buildConfigurations = (
				BCA9186C1FE3699D00BAE6C1 /* Debug */,
				BCA9186D1FE3699D00BAE6C1 /* Release */,
			);
			defaultConfigurationIsVisible = 0;
			defaultConfigurationName = Release;
		};
/* End XCConfigurationList section */
	};
	rootObject = BCA918351FE3699C00BAE6C1 /* Project object */;
}
